
Microsoft Visual Studio Solution File, Format Version 12.00
# Visual Studio 15
VisualStudioVersion = 15.0.28307.421
MinimumVisualStudioVersion = 10.0.40219.1
Project("{FAE04EC0-301F-11D3-BF4B-00C04F79EFBC}") = "App_Dev101_Project", "App_Dev101_Project\App_Dev101_Project.csproj", "{A26BA4A3-FA82-4E61-9DFE-815769BED00B}"
EndProject
Global
	GlobalSection(SolutionConfigurationPlatforms) = preSolution
		Debug|Any CPU = Debug|Any CPU
		Release|Any CPU = Release|Any CPU
	EndGlobalSection
	GlobalSection(ProjectConfigurationPlatforms) = postSolution
		{A26BA4A3-FA82-4E61-9DFE-815769BED00B}.Debug|Any CPU.ActiveCfg = Debug|Any CPU
		{A26BA4A3-FA82-4E61-9DFE-815769BED00B}.Debug|Any CPU.Build.0 = Debug|Any CPU
		{A26BA4A3-FA82-4E61-9DFE-815769BED00B}.Release|Any CPU.ActiveCfg = Release|Any CPU
		{A26BA4A3-FA82-4E61-9DFE-815769BED00B}.Release|Any CPU.Build.0 = Release|Any CPU
	EndGlobalSection
	GlobalSection(SolutionProperties) = preSolution
		HideSolutionNode = FALSE
	EndGlobalSection
	GlobalSection(ExtensibilityGlobals) = postSolution
		SolutionGuid = {B4231885-5294-4087-A84B-E785D094AB77}
	EndGlobalSection
EndGlobal
